
Microsoft Visual Studio Solution File, Format Version 12.00
# Visual Studio Version 17
VisualStudioVersion = 17.5.33516.290
MinimumVisualStudioVersion = 10.0.40219.1
Project("{FAE04EC0-301F-11D3-BF4B-00C04F79EFBC}") = "Diagnostic Program", "DiagnosticProgram\Diagnostic Program.csproj", "{C35B2B1D-6E94-48CE-84D8-48A3C38C33EE}"
EndProject
Global
	GlobalSection(SolutionConfigurationPlatforms) = preSolution
		Debug|Any CPU = Debug|Any CPU
		Release|Any CPU = Release|Any CPU
	EndGlobalSection
	GlobalSection(ProjectConfigurationPlatforms) = postSolution
		{C35B2B1D-6E94-48CE-84D8-48A3C38C33EE}.Debug|Any CPU.ActiveCfg = Debug|Any CPU
		{C35B2B1D-6E94-48CE-84D8-48A3C38C33EE}.Debug|Any CPU.Build.0 = Debug|Any CPU
		{C35B2B1D-6E94-48CE-84D8-48A3C38C33EE}.Release|Any CPU.ActiveCfg = Release|Any CPU
		{C35B2B1D-6E94-48CE-84D8-48A3C38C33EE}.Release|Any CPU.Build.0 = Release|Any CPU
	EndGlobalSection
	GlobalSection(SolutionProperties) = preSolution
		HideSolutionNode = FALSE
	EndGlobalSection
	GlobalSection(ExtensibilityGlobals) = postSolution
		SolutionGuid = {F5F0FA28-63A6-42C4-90F5-4D16A1B71F8D}
	EndGlobalSection
EndGlobal
